
Microsoft Visual Studio Solution File, Format Version 12.00
# Visual Studio Version 16
VisualStudioVersion = 16.0.30717.126
MinimumVisualStudioVersion = 10.0.40219.1
Project("{9A19103F-16F7-4668-BE54-9A1E7A4F7556}") = "Kompressor", "Kompressor.csproj", "{30F21546-E255-46AE-8D4D-EF9245283887}"
EndProject
Project("{9A19103F-16F7-4668-BE54-9A1E7A4F7556}") = "Du", "..\..\du\src\Du.csproj", "{05BE9436-389B-4AF6-8BCD-DAF34E4EB5DF}"
EndProject
Global
	GlobalSection(SolutionConfigurationPlatforms) = preSolution
		Debug|Any CPU = Debug|Any CPU
		Release|Any CPU = Release|Any CPU
	EndGlobalSection
	GlobalSection(ProjectConfigurationPlatforms) = postSolution
		{30F21546-E255-46AE-8D4D-EF9245283887}.Debug|Any CPU.ActiveCfg = Debug|Any CPU
		{30F21546-E255-46AE-8D4D-EF9245283887}.Debug|Any CPU.Build.0 = Debug|Any CPU
		{30F21546-E255-46AE-8D4D-EF9245283887}.Release|Any CPU.ActiveCfg = Release|Any CPU
		{30F21546-E255-46AE-8D4D-EF9245283887}.Release|Any CPU.Build.0 = Release|Any CPU
		{05BE9436-389B-4AF6-8BCD-DAF34E4EB5DF}.Debug|Any CPU.ActiveCfg = Debug|Any CPU
		{05BE9436-389B-4AF6-8BCD-DAF34E4EB5DF}.Debug|Any CPU.Build.0 = Debug|Any CPU
		{05BE9436-389B-4AF6-8BCD-DAF34E4EB5DF}.Release|Any CPU.ActiveCfg = Release|Any CPU
		{05BE9436-389B-4AF6-8BCD-DAF34E4EB5DF}.Release|Any CPU.Build.0 = Release|Any CPU
	EndGlobalSection
	GlobalSection(SolutionProperties) = preSolution
		HideSolutionNode = FALSE
	EndGlobalSection
	GlobalSection(ExtensibilityGlobals) = postSolution
		SolutionGuid = {B7E03AA1-AE33-40E2-9962-3CCFAD57F7E8}
	EndGlobalSection
EndGlobal
